
Microsoft Visual Studio Solution File, Format Version 12.00
# Visual Studio Version 17
VisualStudioVersion = 17.4.33103.184
MinimumVisualStudioVersion = 10.0.40219.1
Project("{FAE04EC0-301F-11D3-BF4B-00C04F79EFBC}") = "zad2", "zad2.csproj", "{C5DB2029-001D-4EC4-8183-3FEEA93CEEFF}"
EndProject
Global
	GlobalSection(SolutionConfigurationPlatforms) = preSolution
		Debug|Any CPU = Debug|Any CPU
		Release|Any CPU = Release|Any CPU
	EndGlobalSection
	GlobalSection(ProjectConfigurationPlatforms) = postSolution
		{C5DB2029-001D-4EC4-8183-3FEEA93CEEFF}.Debug|Any CPU.ActiveCfg = Debug|Any CPU
		{C5DB2029-001D-4EC4-8183-3FEEA93CEEFF}.Debug|Any CPU.Build.0 = Debug|Any CPU
		{C5DB2029-001D-4EC4-8183-3FEEA93CEEFF}.Release|Any CPU.ActiveCfg = Release|Any CPU
		{C5DB2029-001D-4EC4-8183-3FEEA93CEEFF}.Release|Any CPU.Build.0 = Release|Any CPU
	EndGlobalSection
	GlobalSection(SolutionProperties) = preSolution
		HideSolutionNode = FALSE
	EndGlobalSection
	GlobalSection(ExtensibilityGlobals) = postSolution
		SolutionGuid = {1A619FBE-3702-42A4-ABF4-1588DE2B5E35}
	EndGlobalSection
EndGlobal
