
Microsoft Visual Studio Solution File, Format Version 12.00
# Visual Studio Version 17
VisualStudioVersion = 17.4.33103.184
MinimumVisualStudioVersion = 10.0.40219.1
Project("{FAE04EC0-301F-11D3-BF4B-00C04F79EFBC}") = "typy_dynamiczne", "typy_dynamiczne.csproj", "{55EBAE99-D3E2-4C62-8391-0D9B0177257C}"
EndProject
Global
	GlobalSection(SolutionConfigurationPlatforms) = preSolution
		Debug|Any CPU = Debug|Any CPU
		Release|Any CPU = Release|Any CPU
	EndGlobalSection
	GlobalSection(ProjectConfigurationPlatforms) = postSolution
		{55EBAE99-D3E2-4C62-8391-0D9B0177257C}.Debug|Any CPU.ActiveCfg = Debug|Any CPU
		{55EBAE99-D3E2-4C62-8391-0D9B0177257C}.Debug|Any CPU.Build.0 = Debug|Any CPU
		{55EBAE99-D3E2-4C62-8391-0D9B0177257C}.Release|Any CPU.ActiveCfg = Release|Any CPU
		{55EBAE99-D3E2-4C62-8391-0D9B0177257C}.Release|Any CPU.Build.0 = Release|Any CPU
	EndGlobalSection
	GlobalSection(SolutionProperties) = preSolution
		HideSolutionNode = FALSE
	EndGlobalSection
	GlobalSection(ExtensibilityGlobals) = postSolution
		SolutionGuid = {175EEF6F-523F-4A20-9FB3-FC4D9283A49E}
	EndGlobalSection
EndGlobal
