
Microsoft Visual Studio Solution File, Format Version 12.00
# Visual Studio Version 17
VisualStudioVersion = 17.4.33403.182
MinimumVisualStudioVersion = 10.0.40219.1
Project("{FAE04EC0-301F-11D3-BF4B-00C04F79EFBC}") = "10_3_kolekcje_listy_1", "10_3_kolekcje_listy_1.csproj", "{37B4A623-F5A0-4B9A-8839-55F03119C1FA}"
EndProject
Global
	GlobalSection(SolutionConfigurationPlatforms) = preSolution
		Debug|Any CPU = Debug|Any CPU
		Release|Any CPU = Release|Any CPU
	EndGlobalSection
	GlobalSection(ProjectConfigurationPlatforms) = postSolution
		{37B4A623-F5A0-4B9A-8839-55F03119C1FA}.Debug|Any CPU.ActiveCfg = Debug|Any CPU
		{37B4A623-F5A0-4B9A-8839-55F03119C1FA}.Debug|Any CPU.Build.0 = Debug|Any CPU
		{37B4A623-F5A0-4B9A-8839-55F03119C1FA}.Release|Any CPU.ActiveCfg = Release|Any CPU
		{37B4A623-F5A0-4B9A-8839-55F03119C1FA}.Release|Any CPU.Build.0 = Release|Any CPU
	EndGlobalSection
	GlobalSection(SolutionProperties) = preSolution
		HideSolutionNode = FALSE
	EndGlobalSection
	GlobalSection(ExtensibilityGlobals) = postSolution
		SolutionGuid = {50F4A05E-3F00-4D0B-8A94-FB9FF55361C9}
	EndGlobalSection
EndGlobal
