
Microsoft Visual Studio Solution File, Format Version 12.00
# Visual Studio Version 17
VisualStudioVersion = 17.4.33103.184
MinimumVisualStudioVersion = 10.0.40219.1
Project("{FAE04EC0-301F-11D3-BF4B-00C04F79EFBC}") = "zad1", "zad1.csproj", "{2D1B16E4-AAE8-43F2-83A0-5F66D09EDC36}"
EndProject
Global
	GlobalSection(SolutionConfigurationPlatforms) = preSolution
		Debug|Any CPU = Debug|Any CPU
		Release|Any CPU = Release|Any CPU
	EndGlobalSection
	GlobalSection(ProjectConfigurationPlatforms) = postSolution
		{2D1B16E4-AAE8-43F2-83A0-5F66D09EDC36}.Debug|Any CPU.ActiveCfg = Debug|Any CPU
		{2D1B16E4-AAE8-43F2-83A0-5F66D09EDC36}.Debug|Any CPU.Build.0 = Debug|Any CPU
		{2D1B16E4-AAE8-43F2-83A0-5F66D09EDC36}.Release|Any CPU.ActiveCfg = Release|Any CPU
		{2D1B16E4-AAE8-43F2-83A0-5F66D09EDC36}.Release|Any CPU.Build.0 = Release|Any CPU
	EndGlobalSection
	GlobalSection(SolutionProperties) = preSolution
		HideSolutionNode = FALSE
	EndGlobalSection
	GlobalSection(ExtensibilityGlobals) = postSolution
		SolutionGuid = {D84EEAB8-96CA-435A-A68C-0BC1A1E8728E}
	EndGlobalSection
EndGlobal
